
Microsoft Visual Studio Solution File, Format Version 12.00
# Visual Studio 15
Project("{FAE04EC0-301F-11D3-BF4B-00C04F79EFBC}") = "test_monoploy", "test_monoploy\test_monoploy.csproj", "{B11FAFE7-7612-40DE-AEA7-4B94ED55003F}"
EndProject
Global
	GlobalSection(SolutionConfigurationPlatforms) = preSolution
		Debug|anycpu = Debug|anycpu
		Release|anycpu = Release|anycpu
	EndGlobalSection
	GlobalSection(ProjectConfigurationPlatforms) = postSolution
		{B11FAFE7-7612-40DE-AEA7-4B94ED55003F}.Debug|anycpu.ActiveCfg = Debug|anycpu
		{B11FAFE7-7612-40DE-AEA7-4B94ED55003F}.Debug|anycpu.Build.0 = Debug|anycpu
		{B11FAFE7-7612-40DE-AEA7-4B94ED55003F}.Release|anycpu.ActiveCfg = Release|anycpu
		{B11FAFE7-7612-40DE-AEA7-4B94ED55003F}.Release|anycpu.Build.0 = Release|anycpu
	EndGlobalSection
EndGlobal
